// !$*UTF8*$!
{
	archiveVersion = 1;
	classes = {
	};
	objectVersion = 51;
	objects = {

/* Begin PBXBuildFile section */
		05C8727FE32039B6A88B140B /* libPods-GPUImageDemo.a in Frameworks */ = {isa = PBXBuildFile; fileRef = 1EA08BAA687AE9D2A65B1F99 /* libPods-GPUImageDemo.a */; };
		923C2752247FED3200E1121F /* AppDelegate.m in Sources */ = {isa = PBXBuildFile; fileRef = 923C2751247FED3200E1121F /* AppDelegate.m */; };
		923C2755247FED3200E1121F /* SceneDelegate.m in Sources */ = {isa = PBXBuildFile; fileRef = 923C2754247FED3200E1121F /* SceneDelegate.m */; };
		923C2758247FED3200E1121F /* ViewController.m in Sources */ = {isa = PBXBuildFile; fileRef = 923C2757247FED3200E1121F /* ViewController.m */; };
		923C275B247FED3200E1121F /* Main.storyboard in Resources */ = {isa = PBXBuildFile; fileRef = 923C2759247FED3200E1121F /* Main.storyboard */; };
		923C275D247FED3500E1121F /* Assets.xcassets in Resources */ = {isa = PBXBuildFile; fileRef = 923C275C247FED3500E1121F /* Assets.xcassets */; };
		923C2760247FED3500E1121F /* LaunchScreen.storyboard in Resources */ = {isa = PBXBuildFile; fileRef = 923C275E247FED3500E1121F /* LaunchScreen.storyboard */; };
		923C2763247FED3500E1121F /* main.m in Sources */ = {isa = PBXBuildFile; fileRef = 923C2762247FED3500E1121F /* main.m */; };
		923C276C247FEFEC00E1121F /* AlbumViewController.m in Sources */ = {isa = PBXBuildFile; fileRef = 923C276B247FEFEC00E1121F /* AlbumViewController.m */; };
		923C276F247FEFFE00E1121F /* CameraViewController.m in Sources */ = {isa = PBXBuildFile; fileRef = 923C276E247FEFFE00E1121F /* CameraViewController.m */; };
		923C2772247FF01000E1121F /* MovieViewController.m in Sources */ = {isa = PBXBuildFile; fileRef = 923C2771247FF01000E1121F /* MovieViewController.m */; };
		92DD4F3724813A6900B97F9A /* GPUFilterCell.m in Sources */ = {isa = PBXBuildFile; fileRef = 92DD4F3624813A6900B97F9A /* GPUFilterCell.m */; };
		92DD4F3924813A7600B97F9A /* GPUFilterCell.xib in Resources */ = {isa = PBXBuildFile; fileRef = 92DD4F3824813A7600B97F9A /* GPUFilterCell.xib */; };
/* End PBXBuildFile section */

/* Begin PBXFileReference section */
		1EA08BAA687AE9D2A65B1F99 /* libPods-GPUImageDemo.a */ = {isa = PBXFileReference; explicitFileType = archive.ar; includeInIndex = 0; path = "libPods-GPUImageDemo.a"; sourceTree = BUILT_PRODUCTS_DIR; };
		2E6BED92AE10DFF8A552A583 /* Pods-GPUImageDemo.release.xcconfig */ = {isa = PBXFileReference; includeInIndex = 1; lastKnownFileType = text.xcconfig; name = "Pods-GPUImageDemo.release.xcconfig"; path = "Target Support Files/Pods-GPUImageDemo/Pods-GPUImageDemo.release.xcconfig"; sourceTree = "<group>"; };
		614B90FE4251F45D760EF5C0 /* Pods-GPUImageDemo.debug.xcconfig */ = {isa = PBXFileReference; includeInIndex = 1; lastKnownFileType = text.xcconfig; name = "Pods-GPUImageDemo.debug.xcconfig"; path = "Target Support Files/Pods-GPUImageDemo/Pods-GPUImageDemo.debug.xcconfig"; sourceTree = "<group>"; };
		923C274D247FED3200E1121F /* GPUImageDemo.app */ = {isa = PBXFileReference; explicitFileType = wrapper.application; includeInIndex = 0; path = GPUImageDemo.app; sourceTree = BUILT_PRODUCTS_DIR; };
		923C2750247FED3200E1121F /* AppDelegate.h */ = {isa = PBXFileReference; lastKnownFileType = sourcecode.c.h; path = AppDelegate.h; sourceTree = "<group>"; };
		923C2751247FED3200E1121F /* AppDelegate.m */ = {isa = PBXFileReference; lastKnownFileType = sourcecode.c.objc; path = AppDelegate.m; sourceTree = "<group>"; };
		923C2753247FED3200E1121F /* SceneDelegate.h */ = {isa = PBXFileReference; lastKnownFileType = sourcecode.c.h; path = SceneDelegate.h; sourceTree = "<group>"; };
		923C2754247FED3200E1121F /* SceneDelegate.m */ = {isa = PBXFileReference; lastKnownFileType = sourcecode.c.objc; path = SceneDelegate.m; sourceTree = "<group>"; };
		923C2756247FED3200E1121F /* ViewController.h */ = {isa = PBXFileReference; lastKnownFileType = sourcecode.c.h; path = ViewController.h; sourceTree = "<group>"; };
		923C2757247FED3200E1121F /* ViewController.m */ = {isa = PBXFileReference; lastKnownFileType = sourcecode.c.objc; path = ViewController.m; sourceTree = "<group>"; };
		923C275A247FED3200E1121F /* Base */ = {isa = PBXFileReference; lastKnownFileType = file.storyboard; name = Base; path = Base.lproj/Main.storyboard; sourceTree = "<group>"; };
		923C275C247FED3500E1121F /* Assets.xcassets */ = {isa = PBXFileReference; lastKnownFileType = folder.assetcatalog; path = Assets.xcassets; sourceTree = "<group>"; };
		923C275F247FED3500E1121F /* Base */ = {isa = PBXFileReference; lastKnownFileType = file.storyboard; name = Base; path = Base.lproj/LaunchScreen.storyboard; sourceTree = "<group>"; };
		923C2761247FED3500E1121F /* Info.plist */ = {isa = PBXFileReference; lastKnownFileType = text.plist.xml; path = Info.plist; sourceTree = "<group>"; };
		923C2762247FED3500E1121F /* main.m */ = {isa = PBXFileReference; lastKnownFileType = sourcecode.c.objc; path = main.m; sourceTree = "<group>"; };
		923C2769247FED4700E1121F /* ReadMe.md */ = {isa = PBXFileReference; lastKnownFileType = net.daringfireball.markdown; name = ReadMe.md; path = ../ReadMe.md; sourceTree = "<group>"; };
		923C276A247FEFEC00E1121F /* AlbumViewController.h */ = {isa = PBXFileReference; lastKnownFileType = sourcecode.c.h; path = AlbumViewController.h; sourceTree = "<group>"; };
		923C276B247FEFEC00E1121F /* AlbumViewController.m */ = {isa = PBXFileReference; lastKnownFileType = sourcecode.c.objc; path = AlbumViewController.m; sourceTree = "<group>"; };
		923C276D247FEFFE00E1121F /* CameraViewController.h */ = {isa = PBXFileReference; lastKnownFileType = sourcecode.c.h; path = CameraViewController.h; sourceTree = "<group>"; };
		923C276E247FEFFE00E1121F /* CameraViewController.m */ = {isa = PBXFileReference; lastKnownFileType = sourcecode.c.objc; path = CameraViewController.m; sourceTree = "<group>"; };
		923C2770247FF01000E1121F /* MovieViewController.h */ = {isa = PBXFileReference; lastKnownFileType = sourcecode.c.h; path = MovieViewController.h; sourceTree = "<group>"; };
		923C2771247FF01000E1121F /* MovieViewController.m */ = {isa = PBXFileReference; lastKnownFileType = sourcecode.c.objc; path = MovieViewController.m; sourceTree = "<group>"; };
		92DD4F3524813A6900B97F9A /* GPUFilterCell.h */ = {isa = PBXFileReference; lastKnownFileType = sourcecode.c.h; path = GPUFilterCell.h; sourceTree = "<group>"; };
		92DD4F3624813A6900B97F9A /* GPUFilterCell.m */ = {isa = PBXFileReference; lastKnownFileType = sourcecode.c.objc; path = GPUFilterCell.m; sourceTree = "<group>"; };
		92DD4F3824813A7600B97F9A /* GPUFilterCell.xib */ = {isa = PBXFileReference; lastKnownFileType = file.xib; path = GPUFilterCell.xib; sourceTree = "<group>"; };
/* End PBXFileReference section */

/* Begin PBXFrameworksBuildPhase section */
		923C274A247FED3200E1121F /* Frameworks */ = {
			isa = PBXFrameworksBuildPhase;
			buildActionMask = 2147483647;
			files = (
				05C8727FE32039B6A88B140B /* libPods-GPUImageDemo.a in Frameworks */,
			);
			runOnlyForDeploymentPostprocessing = 0;
		};
/* End PBXFrameworksBuildPhase section */

/* Begin PBXGroup section */
		1AF76BC77EC6AE6ECA478DA4 /* Pods */ = {
			isa = PBXGroup;
			children = (
				614B90FE4251F45D760EF5C0 /* Pods-GPUImageDemo.debug.xcconfig */,
				2E6BED92AE10DFF8A552A583 /* Pods-GPUImageDemo.release.xcconfig */,
			);
			path = Pods;
			sourceTree = "<group>";
		};
		923C2744247FED3200E1121F = {
			isa = PBXGroup;
			children = (
				923C2769247FED4700E1121F /* ReadMe.md */,
				923C274F247FED3200E1121F /* GPUImageDemo */,
				923C274E247FED3200E1121F /* Products */,
				1AF76BC77EC6AE6ECA478DA4 /* Pods */,
				94189DBD4D0FC56161391C30 /* Frameworks */,
			);
			sourceTree = "<group>";
		};
		923C274E247FED3200E1121F /* Products */ = {
			isa = PBXGroup;
			children = (
				923C274D247FED3200E1121F /* GPUImageDemo.app */,
			);
			name = Products;
			sourceTree = "<group>";
		};
		923C274F247FED3200E1121F /* GPUImageDemo */ = {
			isa = PBXGroup;
			children = (
				923C2750247FED3200E1121F /* AppDelegate.h */,
				923C2751247FED3200E1121F /* AppDelegate.m */,
				923C2753247FED3200E1121F /* SceneDelegate.h */,
				923C2754247FED3200E1121F /* SceneDelegate.m */,
				923C2756247FED3200E1121F /* ViewController.h */,
				923C2757247FED3200E1121F /* ViewController.m */,
				923C2759247FED3200E1121F /* Main.storyboard */,
				923C275C247FED3500E1121F /* Assets.xcassets */,
				923C275E247FED3500E1121F /* LaunchScreen.storyboard */,
				923C2761247FED3500E1121F /* Info.plist */,
				923C2762247FED3500E1121F /* main.m */,
				923C276A247FEFEC00E1121F /* AlbumViewController.h */,
				923C276B247FEFEC00E1121F /* AlbumViewController.m */,
				923C276D247FEFFE00E1121F /* CameraViewController.h */,
				923C276E247FEFFE00E1121F /* CameraViewController.m */,
				923C2770247FF01000E1121F /* MovieViewController.h */,
				923C2771247FF01000E1121F /* MovieViewController.m */,
				92DD4F3524813A6900B97F9A /* GPUFilterCell.h */,
				92DD4F3624813A6900B97F9A /* GPUFilterCell.m */,
				92DD4F3824813A7600B97F9A /* GPUFilterCell.xib */,
			);
			path = GPUImageDemo;
			sourceTree = "<group>";
		};
		94189DBD4D0FC56161391C30 /* Frameworks */ = {
			isa = PBXGroup;
			children = (
				1EA08BAA687AE9D2A65B1F99 /* libPods-GPUImageDemo.a */,
			);
			name = Frameworks;
			sourceTree = "<group>";
		};
/* End PBXGroup section */

/* Begin PBXNativeTarget section */
		923C274C247FED3200E1121F /* GPUImageDemo */ = {
			isa = PBXNativeTarget;
			buildConfigurationList = 923C2766247FED3500E1121F /* Build configuration list for PBXNativeTarget "GPUImageDemo" */;
			buildPhases = (
				995BF49C61C47AF3C6D7D819 /* [CP] Check Pods Manifest.lock */,
				923C2749247FED3200E1121F /* Sources */,
				923C274A247FED3200E1121F /* Frameworks */,
				923C274B247FED3200E1121F /* Resources */,
				2C3E7D99E9BCD52859CCC695 /* [CP] Copy Pods Resources */,
			);
			buildRules = (
			);
			dependencies = (
			);
			name = GPUImageDemo;
			productName = GPUImageDemo;
			productReference = 923C274D247FED3200E1121F /* GPUImageDemo.app */;
			productType = "com.apple.product-type.application";
		};
/* End PBXNativeTarget section */

/* Begin PBXProject section */
		923C2745247FED3200E1121F /* Project object */ = {
			isa = PBXProject;
			attributes = {
				LastUpgradeCheck = 1130;
				ORGANIZATIONNAME = AlexiChen;
				TargetAttributes = {
					923C274C247FED3200E1121F = {
						CreatedOnToolsVersion = 11.3.1;
					};
				};
			};
			buildConfigurationList = 923C2748247FED3200E1121F /* Build configuration list for PBXProject "GPUImageDemo" */;
			compatibilityVersion = "Xcode 9.3";
			developmentRegion = en;
			hasScannedForEncodings = 0;
			knownRegions = (
				en,
				Base,
			);
			mainGroup = 923C2744247FED3200E1121F;
			productRefGroup = 923C274E247FED3200E1121F /* Products */;
			projectDirPath = "";
			projectRoot = "";
			targets = (
				923C274C247FED3200E1121F /* GPUImageDemo */,
			);
		};
/* End PBXProject section */

/* Begin PBXResourcesBuildPhase section */
		923C274B247FED3200E1121F /* Resources */ = {
			isa = PBXResourcesBuildPhase;
			buildActionMask = 2147483647;
			files = (
				92DD4F3924813A7600B97F9A /* GPUFilterCell.xib in Resources */,
				923C2760247FED3500E1121F /* LaunchScreen.storyboard in Resources */,
				923C275D247FED3500E1121F /* Assets.xcassets in Resources */,
				923C275B247FED3200E1121F /* Main.storyboard in Resources */,
			);
			runOnlyForDeploymentPostprocessing = 0;
		};
/* End PBXResourcesBuildPhase section */

/* Begin PBXShellScriptBuildPhase section */
		2C3E7D99E9BCD52859CCC695 /* [CP] Copy Pods Resources */ = {
			isa = PBXShellScriptBuildPhase;
			buildActionMask = 2147483647;
			files = (
			);
			inputFileListPaths = (
				"${PODS_ROOT}/Target Support Files/Pods-GPUImageDemo/Pods-GPUImageDemo-resources-${CONFIGURATION}-input-files.xcfilelist",
			);
			name = "[CP] Copy Pods Resources";
			outputFileListPaths = (
				"${PODS_ROOT}/Target Support Files/Pods-GPUImageDemo/Pods-GPUImageDemo-resources-${CONFIGURATION}-output-files.xcfilelist",
			);
			runOnlyForDeploymentPostprocessing = 0;
			shellPath = /bin/sh;
			shellScript = "\"${PODS_ROOT}/Target Support Files/Pods-GPUImageDemo/Pods-GPUImageDemo-resources.sh\"\n";
			showEnvVarsInLog = 0;
		};
		995BF49C61C47AF3C6D7D819 /* [CP] Check Pods Manifest.lock */ = {
			isa = PBXShellScriptBuildPhase;
			buildActionMask = 2147483647;
			files = (
			);
			inputFileListPaths = (
			);
			inputPaths = (
				"${PODS_PODFILE_DIR_PATH}/Podfile.lock",
				"${PODS_ROOT}/Manifest.lock",
			);
			name = "[CP] Check Pods Manifest.lock";
			outputFileListPaths = (
			);
			outputPaths = (
				"$(DERIVED_FILE_DIR)/Pods-GPUImageDemo-checkManifestLockResult.txt",
			);
			runOnlyForDeploymentPostprocessing = 0;
			shellPath = /bin/sh;
			shellScript = "diff \"${PODS_PODFILE_DIR_PATH}/Podfile.lock\" \"${PODS_ROOT}/Manifest.lock\" > /dev/null\nif [ $? != 0 ] ; then\n    # print error to STDERR\n    echo \"error: The sandbox is not in sync with the Podfile.lock. Run 'pod install' or update your CocoaPods installation.\" >&2\n    exit 1\nfi\n# This output is used by Xcode 'outputs' to avoid re-running this script phase.\necho \"SUCCESS\" > \"${SCRIPT_OUTPUT_FILE_0}\"\n";
			showEnvVarsInLog = 0;
		};
/* End PBXShellScriptBuildPhase section */

/* Begin PBXSourcesBuildPhase section */
		923C2749247FED3200E1121F /* Sources */ = {
			isa = PBXSourcesBuildPhase;
			buildActionMask = 2147483647;
			files = (
				923C2758247FED3200E1121F /* ViewController.m in Sources */,
				923C276C247FEFEC00E1121F /* AlbumViewController.m in Sources */,
				923C2752247FED3200E1121F /* AppDelegate.m in Sources */,
				923C2772247FF01000E1121F /* MovieViewController.m in Sources */,
				92DD4F3724813A6900B97F9A /* GPUFilterCell.m in Sources */,
				923C276F247FEFFE00E1121F /* CameraViewController.m in Sources */,
				923C2763247FED3500E1121F /* main.m in Sources */,
				923C2755247FED3200E1121F /* SceneDelegate.m in Sources */,
			);
			runOnlyForDeploymentPostprocessing = 0;
		};
/* End PBXSourcesBuildPhase section */

/* Begin PBXVariantGroup section */
		923C2759247FED3200E1121F /* Main.storyboard */ = {
			isa = PBXVariantGroup;
			children = (
				923C275A247FED3200E1121F /* Base */,
			);
			name = Main.storyboard;
			sourceTree = "<group>";
		};
		923C275E247FED3500E1121F /* LaunchScreen.storyboard */ = {
			isa = PBXVariantGroup;
			children = (
				923C275F247FED3500E1121F /* Base */,
			);
			name = LaunchScreen.storyboard;
			sourceTree = "<group>";
		};
/* End PBXVariantGroup section */

/* Begin XCBuildConfiguration section */
		923C2764247FED3500E1121F /* Debug */ = {
			isa = XCBuildConfiguration;
			buildSettings = {
				ALWAYS_SEARCH_USER_PATHS = NO;
				CLANG_ANALYZER_NONNULL = YES;
				CLANG_ANALYZER_NUMBER_OBJECT_CONVERSION = YES_AGGRESSIVE;
				CLANG_CXX_LANGUAGE_STANDARD = "gnu++14";
				CLANG_CXX_LIBRARY = "libc++";
				CLANG_ENABLE_MODULES = YES;
				CLANG_ENABLE_OBJC_ARC = YES;
				CLANG_ENABLE_OBJC_WEAK = YES;
				CLANG_WARN_BLOCK_CAPTURE_AUTORELEASING = YES;
				CLANG_WARN_BOOL_CONVERSION = YES;
				CLANG_WARN_COMMA = YES;
				CLANG_WARN_CONSTANT_CONVERSION = YES;
				CLANG_WARN_DEPRECATED_OBJC_IMPLEMENTATIONS = YES;
				CLANG_WARN_DIRECT_OBJC_ISA_USAGE = YES_ERROR;
				CLANG_WARN_DOCUMENTATION_COMMENTS = YES;
				CLANG_WARN_EMPTY_BODY = YES;
				CLANG_WARN_ENUM_CONVERSION = YES;
				CLANG_WARN_INFINITE_RECURSION = YES;
				CLANG_WARN_INT_CONVERSION = YES;
				CLANG_WARN_NON_LITERAL_NULL_CONVERSION = YES;
				CLANG_WARN_OBJC_IMPLICIT_RETAIN_SELF = YES;
				CLANG_WARN_OBJC_LITERAL_CONVERSION = YES;
				CLANG_WARN_OBJC_ROOT_CLASS = YES_ERROR;
				CLANG_WARN_RANGE_LOOP_ANALYSIS = YES;
				CLANG_WARN_STRICT_PROTOTYPES = YES;
				CLANG_WARN_SUSPICIOUS_MOVE = YES;
				CLANG_WARN_UNGUARDED_AVAILABILITY = YES_AGGRESSIVE;
				CLANG_WARN_UNREACHABLE_CODE = YES;
				CLANG_WARN__DUPLICATE_METHOD_MATCH = YES;
				COPY_PHASE_STRIP = NO;
				DEBUG_INFORMATION_FORMAT = dwarf;
				ENABLE_STRICT_OBJC_MSGSEND = YES;
				ENABLE_TESTABILITY = YES;
				GCC_C_LANGUAGE_STANDARD = gnu11;
				GCC_DYNAMIC_NO_PIC = NO;
				GCC_NO_COMMON_BLOCKS = YES;
				GCC_OPTIMIZATION_LEVEL = 0;
				GCC_PREPROCESSOR_DEFINITIONS = (
					"DEBUG=1",
					"$(inherited)",
				);
				GCC_WARN_64_TO_32_BIT_CONVERSION = YES;
				GCC_WARN_ABOUT_RETURN_TYPE = YES_ERROR;
				GCC_WARN_UNDECLARED_SELECTOR = YES;
				GCC_WARN_UNINITIALIZED_AUTOS = YES_AGGRESSIVE;
				GCC_WARN_UNUSED_FUNCTION = YES;
				GCC_WARN_UNUSED_VARIABLE = YES;
				IPHONEOS_DEPLOYMENT_TARGET = 13.2;
				MTL_ENABLE_DEBUG_INFO = INCLUDE_SOURCE;
				MTL_FAST_MATH = YES;
				ONLY_ACTIVE_ARCH = YES;
				SDKROOT = iphoneos;
			};
			name = Debug;
		};
		923C2765247FED3500E1121F /* Release */ = {
			isa = XCBuildConfiguration;
			buildSettings = {
				ALWAYS_SEARCH_USER_PATHS = NO;
				CLANG_ANALYZER_NONNULL = YES;
				CLANG_ANALYZER_NUMBER_OBJECT_CONVERSION = YES_AGGRESSIVE;
				CLANG_CXX_LANGUAGE_STANDARD = "gnu++14";
				CLANG_CXX_LIBRARY = "libc++";
				CLANG_ENABLE_MODULES = YES;
				CLANG_ENABLE_OBJC_ARC = YES;
				CLANG_ENABLE_OBJC_WEAK = YES;
				CLANG_WARN_BLOCK_CAPTURE_AUTORELEASING = YES;
				CLANG_WARN_BOOL_CONVERSION = YES;
				CLANG_WARN_COMMA = YES;
				CLANG_WARN_CONSTANT_CONVERSION = YES;
				CLANG_WARN_DEPRECATED_OBJC_IMPLEMENTATIONS = YES;
				CLANG_WARN_DIRECT_OBJC_ISA_USAGE = YES_ERROR;
				CLANG_WARN_DOCUMENTATION_COMMENTS = YES;
				CLANG_WARN_EMPTY_BODY = YES;
				CLANG_WARN_ENUM_CONVERSION = YES;
				CLANG_WARN_INFINITE_RECURSION = YES;
				CLANG_WARN_INT_CONVERSION = YES;
				CLANG_WARN_NON_LITERAL_NULL_CONVERSION = YES;
				CLANG_WARN_OBJC_IMPLICIT_RETAIN_SELF = YES;
				CLANG_WARN_OBJC_LITERAL_CONVERSION = YES;
				CLANG_WARN_OBJC_ROOT_CLASS = YES_ERROR;
				CLANG_WARN_RANGE_LOOP_ANALYSIS = YES;
				CLANG_WARN_STRICT_PROTOTYPES = YES;
				CLANG_WARN_SUSPICIOUS_MOVE = YES;
				CLANG_WARN_UNGUARDED_AVAILABILITY = YES_AGGRESSIVE;
				CLANG_WARN_UNREACHABLE_CODE = YES;
				CLANG_WARN__DUPLICATE_METHOD_MATCH = YES;
				COPY_PHASE_STRIP = NO;
				DEBUG_INFORMATION_FORMAT = "dwarf-with-dsym";
				ENABLE_NS_ASSERTIONS = NO;
				ENABLE_STRICT_OBJC_MSGSEND = YES;
				GCC_C_LANGUAGE_STANDARD = gnu11;
				GCC_NO_COMMON_BLOCKS = YES;
				GCC_WARN_64_TO_32_BIT_CONVERSION = YES;
				GCC_WARN_ABOUT_RETURN_TYPE = YES_ERROR;
				GCC_WARN_UNDECLARED_SELECTOR = YES;
				GCC_WARN_UNINITIALIZED_AUTOS = YES_AGGRESSIVE;
				GCC_WARN_UNUSED_FUNCTION = YES;
				GCC_WARN_UNUSED_VARIABLE = YES;
				IPHONEOS_DEPLOYMENT_TARGET = 13.2;
				MTL_ENABLE_DEBUG_INFO = NO;
				MTL_FAST_MATH = YES;
				SDKROOT = iphoneos;
				VALIDATE_PRODUCT = YES;
			};
			name = Release;
		};
		923C2767247FED3500E1121F /* Debug */ = {
			isa = XCBuildConfiguration;
			baseConfigurationReference = 614B90FE4251F45D760EF5C0 /* Pods-GPUImageDemo.debug.xcconfig */;
			buildSettings = {
				ASSETCATALOG_COMPILER_APPICON_NAME = AppIcon;
				CODE_SIGN_STYLE = Automatic;
				DEVELOPMENT_TEAM = Y9PT5KD6V4;
				INFOPLIST_FILE = GPUImageDemo/Info.plist;
				IPHONEOS_DEPLOYMENT_TARGET = 10.0;
				LD_RUNPATH_SEARCH_PATHS = (
					"$(inherited)",
					"@executable_path/Frameworks",
				);
				PRODUCT_BUNDLE_IDENTIFIER = com.tencent.GPUImageDemo2s;
				PRODUCT_NAME = "$(TARGET_NAME)";
				TARGETED_DEVICE_FAMILY = "1,2";
			};
			name = Debug;
		};
		923C2768247FED3500E1121F /* Release */ = {
			isa = XCBuildConfiguration;
			baseConfigurationReference = 2E6BED92AE10DFF8A552A583 /* Pods-GPUImageDemo.release.xcconfig */;
			buildSettings = {
				ASSETCATALOG_COMPILER_APPICON_NAME = AppIcon;
				CODE_SIGN_STYLE = Automatic;
				DEVELOPMENT_TEAM = Y9PT5KD6V4;
				INFOPLIST_FILE = GPUImageDemo/Info.plist;
				IPHONEOS_DEPLOYMENT_TARGET = 10.0;
				LD_RUNPATH_SEARCH_PATHS = (
					"$(inherited)",
					"@executable_path/Frameworks",
				);
				PRODUCT_BUNDLE_IDENTIFIER = com.tencent.GPUImageDemo2s;
				PRODUCT_NAME = "$(TARGET_NAME)";
				TARGETED_DEVICE_FAMILY = "1,2";
			};
			name = Release;
		};
/* End XCBuildConfiguration section */

/* Begin XCConfigurationList section */
		923C2748247FED3200E1121F /* Build configuration list for PBXProject "GPUImageDemo" */ = {
			isa = XCConfigurationList;
			buildConfigurations = (
				923C2764247FED3500E1121F /* Debug */,
				923C2765247FED3500E1121F /* Release */,
			);
			defaultConfigurationIsVisible = 0;
			defaultConfigurationName = Release;
		};
		923C2766247FED3500E1121F /* Build configuration list for PBXNativeTarget "GPUImageDemo" */ = {
			isa = XCConfigurationList;
			buildConfigurations = (
				923C2767247FED3500E1121F /* Debug */,
				923C2768247FED3500E1121F /* Release */,
			);
			defaultConfigurationIsVisible = 0;
			defaultConfigurationName = Release;
		};
/* End XCConfigurationList section */
	};
	rootObject = 923C2745247FED3200E1121F /* Project object */;
}
